
Microsoft Visual Studio Solution File, Format Version 12.00
# Visual Studio 15
VisualStudioVersion = 15.0.26124.0
MinimumVisualStudioVersion = 15.0.26124.0
Project("{FAE04EC0-301F-11D3-BF4B-00C04F79EFBC}") = "GloomhavenTracker", "src\GloomhavenTracker.csproj", "{23C5EA54-5A84-4063-8E1A-EA1BDB1DC48F}"
EndProject
Project("{2150E333-8FDC-42A3-9474-1A3956D46DE8}") = "test", "test", "{7DC7110F-057A-42E2-8102-7E5026C6DBBB}"
EndProject
Project("{FAE04EC0-301F-11D3-BF4B-00C04F79EFBC}") = "UnitTests", "test\UnitTests\UnitTests.csproj", "{5F939892-A707-47A3-AAB4-1A559F68800E}"
EndProject
Project("{FAE04EC0-301F-11D3-BF4B-00C04F79EFBC}") = "BddTests", "test\BddTests\BddTests.csproj", "{32A71002-24EA-4374-A7DA-7603B27A0908}"
EndProject
Global
	GlobalSection(SolutionConfigurationPlatforms) = preSolution
		Debug|Any CPU = Debug|Any CPU
		Debug|x64 = Debug|x64
		Debug|x86 = Debug|x86
		Release|Any CPU = Release|Any CPU
		Release|x64 = Release|x64
		Release|x86 = Release|x86
	EndGlobalSection
	GlobalSection(SolutionProperties) = preSolution
		HideSolutionNode = FALSE
	EndGlobalSection
	GlobalSection(ProjectConfigurationPlatforms) = postSolution
		{23C5EA54-5A84-4063-8E1A-EA1BDB1DC48F}.Debug|Any CPU.ActiveCfg = Debug|Any CPU
		{23C5EA54-5A84-4063-8E1A-EA1BDB1DC48F}.Debug|Any CPU.Build.0 = Debug|Any CPU
		{23C5EA54-5A84-4063-8E1A-EA1BDB1DC48F}.Debug|x64.ActiveCfg = Debug|Any CPU
		{23C5EA54-5A84-4063-8E1A-EA1BDB1DC48F}.Debug|x64.Build.0 = Debug|Any CPU
		{23C5EA54-5A84-4063-8E1A-EA1BDB1DC48F}.Debug|x86.ActiveCfg = Debug|Any CPU
		{23C5EA54-5A84-4063-8E1A-EA1BDB1DC48F}.Debug|x86.Build.0 = Debug|Any CPU
		{23C5EA54-5A84-4063-8E1A-EA1BDB1DC48F}.Release|Any CPU.ActiveCfg = Release|Any CPU
		{23C5EA54-5A84-4063-8E1A-EA1BDB1DC48F}.Release|Any CPU.Build.0 = Release|Any CPU
		{23C5EA54-5A84-4063-8E1A-EA1BDB1DC48F}.Release|x64.ActiveCfg = Release|Any CPU
		{23C5EA54-5A84-4063-8E1A-EA1BDB1DC48F}.Release|x64.Build.0 = Release|Any CPU
		{23C5EA54-5A84-4063-8E1A-EA1BDB1DC48F}.Release|x86.ActiveCfg = Release|Any CPU
		{23C5EA54-5A84-4063-8E1A-EA1BDB1DC48F}.Release|x86.Build.0 = Release|Any CPU
		{5F939892-A707-47A3-AAB4-1A559F68800E}.Debug|Any CPU.ActiveCfg = Debug|Any CPU
		{5F939892-A707-47A3-AAB4-1A559F68800E}.Debug|Any CPU.Build.0 = Debug|Any CPU
		{5F939892-A707-47A3-AAB4-1A559F68800E}.Debug|x64.ActiveCfg = Debug|Any CPU
		{5F939892-A707-47A3-AAB4-1A559F68800E}.Debug|x64.Build.0 = Debug|Any CPU
		{5F939892-A707-47A3-AAB4-1A559F68800E}.Debug|x86.ActiveCfg = Debug|Any CPU
		{5F939892-A707-47A3-AAB4-1A559F68800E}.Debug|x86.Build.0 = Debug|Any CPU
		{5F939892-A707-47A3-AAB4-1A559F68800E}.Release|Any CPU.ActiveCfg = Release|Any CPU
		{5F939892-A707-47A3-AAB4-1A559F68800E}.Release|Any CPU.Build.0 = Release|Any CPU
		{5F939892-A707-47A3-AAB4-1A559F68800E}.Release|x64.ActiveCfg = Release|Any CPU
		{5F939892-A707-47A3-AAB4-1A559F68800E}.Release|x64.Build.0 = Release|Any CPU
		{5F939892-A707-47A3-AAB4-1A559F68800E}.Release|x86.ActiveCfg = Release|Any CPU
		{5F939892-A707-47A3-AAB4-1A559F68800E}.Release|x86.Build.0 = Release|Any CPU
		{32A71002-24EA-4374-A7DA-7603B27A0908}.Debug|Any CPU.ActiveCfg = Debug|Any CPU
		{32A71002-24EA-4374-A7DA-7603B27A0908}.Debug|Any CPU.Build.0 = Debug|Any CPU
		{32A71002-24EA-4374-A7DA-7603B27A0908}.Debug|x64.ActiveCfg = Debug|Any CPU
		{32A71002-24EA-4374-A7DA-7603B27A0908}.Debug|x64.Build.0 = Debug|Any CPU
		{32A71002-24EA-4374-A7DA-7603B27A0908}.Debug|x86.ActiveCfg = Debug|Any CPU
		{32A71002-24EA-4374-A7DA-7603B27A0908}.Debug|x86.Build.0 = Debug|Any CPU
		{32A71002-24EA-4374-A7DA-7603B27A0908}.Release|Any CPU.ActiveCfg = Release|Any CPU
		{32A71002-24EA-4374-A7DA-7603B27A0908}.Release|Any CPU.Build.0 = Release|Any CPU
		{32A71002-24EA-4374-A7DA-7603B27A0908}.Release|x64.ActiveCfg = Release|Any CPU
		{32A71002-24EA-4374-A7DA-7603B27A0908}.Release|x64.Build.0 = Release|Any CPU
		{32A71002-24EA-4374-A7DA-7603B27A0908}.Release|x86.ActiveCfg = Release|Any CPU
		{32A71002-24EA-4374-A7DA-7603B27A0908}.Release|x86.Build.0 = Release|Any CPU
	EndGlobalSection
	GlobalSection(NestedProjects) = preSolution
		{5F939892-A707-47A3-AAB4-1A559F68800E} = {7DC7110F-057A-42E2-8102-7E5026C6DBBB}
		{32A71002-24EA-4374-A7DA-7603B27A0908} = {7DC7110F-057A-42E2-8102-7E5026C6DBBB}
	EndGlobalSection
EndGlobal
